Microsoft Visual Studio Solution File, Format Version 12.00
# Visual Studio 15
VisualStudioVersion = 15.0.26730.16
MinimumVisualStudioVersion = 15.0.26430.12
Project("{9A19103F-16F7-4668-BE54-9A1E7A4F7556}") = "Newtonsoft.Json.Encryption", "Newtonsoft.Json.Encryption\Newtonsoft.Json.Encryption.csproj", "{72A1D8DC-FF19-40E0-866C-9CFD7EE4541D}"
EndProject
Project("{9A19103F-16F7-4668-BE54-9A1E7A4F7556}") = "Tests", "Tests\Tests.csproj", "{D59EEA3C-ADFD-4595-B7A3-D6412AC9867E}"
EndProject
Project("{FAE04EC0-301F-11D3-BF4B-00C04F79EFBC}") = "Sample", "Sample\Sample.csproj", "{C87059BB-F570-4E83-ACAD-6B8094CAEDE9}"
EndProject
Global
	GlobalSection(SolutionConfigurationPlatforms) = preSolution
		Debug|Any CPU = Debug|Any CPU
		Release|Any CPU = Release|Any CPU
	EndGlobalSection
	GlobalSection(ProjectConfigurationPlatforms) = postSolution
		{72A1D8DC-FF19-40E0-866C-9CFD7EE4541D}.Debug|Any CPU.ActiveCfg = Debug|Any CPU
		{72A1D8DC-FF19-40E0-866C-9CFD7EE4541D}.Debug|Any CPU.Build.0 = Debug|Any CPU
		{72A1D8DC-FF19-40E0-866C-9CFD7EE4541D}.Release|Any CPU.ActiveCfg = Release|Any CPU
		{72A1D8DC-FF19-40E0-866C-9CFD7EE4541D}.Release|Any CPU.Build.0 = Release|Any CPU
		{D59EEA3C-ADFD-4595-B7A3-D6412AC9867E}.Debug|Any CPU.ActiveCfg = Debug|Any CPU
		{D59EEA3C-ADFD-4595-B7A3-D6412AC9867E}.Debug|Any CPU.Build.0 = Debug|Any CPU
		{D59EEA3C-ADFD-4595-B7A3-D6412AC9867E}.Release|Any CPU.ActiveCfg = Release|Any CPU
		{D59EEA3C-ADFD-4595-B7A3-D6412AC9867E}.Release|Any CPU.Build.0 = Release|Any CPU
		{C87059BB-F570-4E83-ACAD-6B8094CAEDE9}.Debug|Any CPU.ActiveCfg = Debug|Any CPU
		{C87059BB-F570-4E83-ACAD-6B8094CAEDE9}.Debug|Any CPU.Build.0 = Debug|Any CPU
		{C87059BB-F570-4E83-ACAD-6B8094CAEDE9}.Release|Any CPU.ActiveCfg = Release|Any CPU
		{C87059BB-F570-4E83-ACAD-6B8094CAEDE9}.Release|Any CPU.Build.0 = Release|Any CPU
	EndGlobalSection
	GlobalSection(SolutionProperties) = preSolution
		HideSolutionNode = FALSE
	EndGlobalSection
	GlobalSection(ExtensibilityGlobals) = postSolution
		SolutionGuid = {A9DBE1FD-2601-4F67-B85B-CE26A668FA05}
	EndGlobalSection
EndGlobal
