Microsoft Visual Studio Solution File, Format Version 12.00
# Visual Studio 15
VisualStudioVersion = 15.0.26730.16
MinimumVisualStudioVersion = 15.0.26730.16
Project("{9A19103F-16F7-4668-BE54-9A1E7A4F7556}") = "Newtonsoft.Json.Encryption", "Newtonsoft.Json.Encryption\Newtonsoft.Json.Encryption.csproj", "{72A1D8DC-FF19-40E0-866C-9CFD7EE4541D}"
EndProject
Project("{9A19103F-16F7-4668-BE54-9A1E7A4F7556}") = "Tests", "Tests\Tests.csproj", "{D59EEA3C-ADFD-4595-B7A3-D6412AC9867E}"
EndProject
Project("{9A19103F-16F7-4668-BE54-9A1E7A4F7556}") = "Sample", "Sample\Sample.csproj", "{C87059BB-F570-4E83-ACAD-6B8094CAEDE9}"
EndProject
Project("{9A19103F-16F7-4668-BE54-9A1E7A4F7556}") = "NServiceBus.Json.Encryption", "NServiceBus.Json.Encryption\NServiceBus.Json.Encryption.csproj", "{43478CA6-9B03-41B6-8A05-783C65634909}"
EndProject
Project("{9A19103F-16F7-4668-BE54-9A1E7A4F7556}") = "Rebus.Json.Encryption", "Rebus.Json.Encryption\Rebus.Json.Encryption.csproj", "{F06AF050-ED5D-4665-B7C8-984FBEAE28A7}"
EndProject
Project("{2150E333-8FDC-42A3-9474-1A3956D46DE8}") = "ServiceBus", "ServiceBus", "{B88446CC-4D5A-43A1-AC2B-76B876B816D0}"
EndProject
Project("{9A19103F-16F7-4668-BE54-9A1E7A4F7556}") = "RebusSample", "RebusSample\RebusSample.csproj", "{A07A5756-BA9B-479F-8369-BB2B73C00398}"
EndProject
Project("{9A19103F-16F7-4668-BE54-9A1E7A4F7556}") = "NServiceBusSample", "NServiceBusSample\NServiceBusSample.csproj", "{679404A8-33EE-4283-8D7E-3734D8D85BBE}"
EndProject
Project("{9A19103F-16F7-4668-BE54-9A1E7A4F7556}") = "NServiceBusTests", "NServiceBusTests\NServiceBusTests.csproj", "{C21456CE-1F0C-47F1-B5C7-1F905B30A412}"
EndProject
Project("{9A19103F-16F7-4668-BE54-9A1E7A4F7556}") = "RebusTests", "RebusTests\RebusTests.csproj", "{D425FEF0-F2C2-45F0-87E3-7CC88E466D1D}"
EndProject
Project("{9A19103F-16F7-4668-BE54-9A1E7A4F7556}") = "Shared", "Shared\Shared.csproj", "{D0FD6F65-7127-4D2C-B15E-B4F550D2CB81}"
EndProject
Global
	GlobalSection(SolutionConfigurationPlatforms) = preSolution
		Debug|Any CPU = Debug|Any CPU
		Release|Any CPU = Release|Any CPU
	EndGlobalSection
	GlobalSection(ProjectConfigurationPlatforms) = postSolution
		{72A1D8DC-FF19-40E0-866C-9CFD7EE4541D}.Debug|Any CPU.ActiveCfg = Debug|Any CPU
		{72A1D8DC-FF19-40E0-866C-9CFD7EE4541D}.Debug|Any CPU.Build.0 = Debug|Any CPU
		{72A1D8DC-FF19-40E0-866C-9CFD7EE4541D}.Release|Any CPU.ActiveCfg = Release|Any CPU
		{72A1D8DC-FF19-40E0-866C-9CFD7EE4541D}.Release|Any CPU.Build.0 = Release|Any CPU
		{D59EEA3C-ADFD-4595-B7A3-D6412AC9867E}.Debug|Any CPU.ActiveCfg = Debug|Any CPU
		{D59EEA3C-ADFD-4595-B7A3-D6412AC9867E}.Debug|Any CPU.Build.0 = Debug|Any CPU
		{D59EEA3C-ADFD-4595-B7A3-D6412AC9867E}.Release|Any CPU.ActiveCfg = Release|Any CPU
		{D59EEA3C-ADFD-4595-B7A3-D6412AC9867E}.Release|Any CPU.Build.0 = Release|Any CPU
		{C87059BB-F570-4E83-ACAD-6B8094CAEDE9}.Debug|Any CPU.ActiveCfg = Debug|Any CPU
		{C87059BB-F570-4E83-ACAD-6B8094CAEDE9}.Debug|Any CPU.Build.0 = Debug|Any CPU
		{C87059BB-F570-4E83-ACAD-6B8094CAEDE9}.Release|Any CPU.ActiveCfg = Release|Any CPU
		{C87059BB-F570-4E83-ACAD-6B8094CAEDE9}.Release|Any CPU.Build.0 = Release|Any CPU
		{43478CA6-9B03-41B6-8A05-783C65634909}.Debug|Any CPU.ActiveCfg = Debug|Any CPU
		{43478CA6-9B03-41B6-8A05-783C65634909}.Debug|Any CPU.Build.0 = Debug|Any CPU
		{43478CA6-9B03-41B6-8A05-783C65634909}.Release|Any CPU.ActiveCfg = Release|Any CPU
		{43478CA6-9B03-41B6-8A05-783C65634909}.Release|Any CPU.Build.0 = Release|Any CPU
		{F06AF050-ED5D-4665-B7C8-984FBEAE28A7}.Debug|Any CPU.ActiveCfg = Debug|Any CPU
		{F06AF050-ED5D-4665-B7C8-984FBEAE28A7}.Debug|Any CPU.Build.0 = Debug|Any CPU
		{F06AF050-ED5D-4665-B7C8-984FBEAE28A7}.Release|Any CPU.ActiveCfg = Release|Any CPU
		{F06AF050-ED5D-4665-B7C8-984FBEAE28A7}.Release|Any CPU.Build.0 = Release|Any CPU
		{A07A5756-BA9B-479F-8369-BB2B73C00398}.Debug|Any CPU.ActiveCfg = Debug|Any CPU
		{A07A5756-BA9B-479F-8369-BB2B73C00398}.Debug|Any CPU.Build.0 = Debug|Any CPU
		{A07A5756-BA9B-479F-8369-BB2B73C00398}.Release|Any CPU.ActiveCfg = Release|Any CPU
		{A07A5756-BA9B-479F-8369-BB2B73C00398}.Release|Any CPU.Build.0 = Release|Any CPU
		{679404A8-33EE-4283-8D7E-3734D8D85BBE}.Debug|Any CPU.ActiveCfg = Debug|Any CPU
		{679404A8-33EE-4283-8D7E-3734D8D85BBE}.Debug|Any CPU.Build.0 = Debug|Any CPU
		{679404A8-33EE-4283-8D7E-3734D8D85BBE}.Release|Any CPU.ActiveCfg = Release|Any CPU
		{679404A8-33EE-4283-8D7E-3734D8D85BBE}.Release|Any CPU.Build.0 = Release|Any CPU
		{C21456CE-1F0C-47F1-B5C7-1F905B30A412}.Debug|Any CPU.ActiveCfg = Debug|Any CPU
		{C21456CE-1F0C-47F1-B5C7-1F905B30A412}.Debug|Any CPU.Build.0 = Debug|Any CPU
		{C21456CE-1F0C-47F1-B5C7-1F905B30A412}.Release|Any CPU.ActiveCfg = Release|Any CPU
		{C21456CE-1F0C-47F1-B5C7-1F905B30A412}.Release|Any CPU.Build.0 = Release|Any CPU
		{D425FEF0-F2C2-45F0-87E3-7CC88E466D1D}.Debug|Any CPU.ActiveCfg = Debug|Any CPU
		{D425FEF0-F2C2-45F0-87E3-7CC88E466D1D}.Debug|Any CPU.Build.0 = Debug|Any CPU
		{D425FEF0-F2C2-45F0-87E3-7CC88E466D1D}.Release|Any CPU.ActiveCfg = Release|Any CPU
		{D425FEF0-F2C2-45F0-87E3-7CC88E466D1D}.Release|Any CPU.Build.0 = Release|Any CPU
		{D0FD6F65-7127-4D2C-B15E-B4F550D2CB81}.Debug|Any CPU.ActiveCfg = Debug|Any CPU
		{D0FD6F65-7127-4D2C-B15E-B4F550D2CB81}.Debug|Any CPU.Build.0 = Debug|Any CPU
		{D0FD6F65-7127-4D2C-B15E-B4F550D2CB81}.Release|Any CPU.ActiveCfg = Release|Any CPU
		{D0FD6F65-7127-4D2C-B15E-B4F550D2CB81}.Release|Any CPU.Build.0 = Release|Any CPU
	EndGlobalSection
	GlobalSection(SolutionProperties) = preSolution
		HideSolutionNode = FALSE
	EndGlobalSection
	GlobalSection(NestedProjects) = preSolution
		{43478CA6-9B03-41B6-8A05-783C65634909} = {B88446CC-4D5A-43A1-AC2B-76B876B816D0}
		{F06AF050-ED5D-4665-B7C8-984FBEAE28A7} = {B88446CC-4D5A-43A1-AC2B-76B876B816D0}
		{A07A5756-BA9B-479F-8369-BB2B73C00398} = {B88446CC-4D5A-43A1-AC2B-76B876B816D0}
		{679404A8-33EE-4283-8D7E-3734D8D85BBE} = {B88446CC-4D5A-43A1-AC2B-76B876B816D0}
		{C21456CE-1F0C-47F1-B5C7-1F905B30A412} = {B88446CC-4D5A-43A1-AC2B-76B876B816D0}
		{D425FEF0-F2C2-45F0-87E3-7CC88E466D1D} = {B88446CC-4D5A-43A1-AC2B-76B876B816D0}
		{D0FD6F65-7127-4D2C-B15E-B4F550D2CB81} = {B88446CC-4D5A-43A1-AC2B-76B876B816D0}
	EndGlobalSection
	GlobalSection(ExtensibilityGlobals) = postSolution
		SolutionGuid = {A9DBE1FD-2601-4F67-B85B-CE26A668FA05}
	EndGlobalSection
EndGlobal
